
Microsoft Visual Studio Solution File, Format Version 12.00
# Visual Studio Version 16
VisualStudioVersion = 16.0.29025.244
MinimumVisualStudioVersion = 10.0.40219.1
Project("{9A19103F-16F7-4668-BE54-9A1E7A4F7556}") = "HarvestClient", "HarvestClient\HarvestClient.csproj", "{C42ADCEF-53D2-45E5-9B47-342E36BB2011}"
EndProject
Project("{9A19103F-16F7-4668-BE54-9A1E7A4F7556}") = "Milamation", "Milamation\Milamation.csproj", "{B7910DBF-9810-4252-BA25-EFD6689F3BB0}"
EndProject
Project("{2150E333-8FDC-42A3-9474-1A3956D46DE8}") = "SolutionItems", "SolutionItems", "{AF80E61A-12F2-42D7-9139-EDB214229AD7}"
	ProjectSection(SolutionItems) = preProject
		.gitignore = .gitignore
		Directory.Build.props = Directory.Build.props
		version.json = version.json
	EndProjectSection
EndProject
Global
	GlobalSection(SolutionConfigurationPlatforms) = preSolution
		Debug|Any CPU = Debug|Any CPU
		Debug|ARM = Debug|ARM
		Debug|ARM64 = Debug|ARM64
		Debug|x64 = Debug|x64
		Debug|x86 = Debug|x86
		Release|Any CPU = Release|Any CPU
		Release|ARM = Release|ARM
		Release|ARM64 = Release|ARM64
		Release|x64 = Release|x64
		Release|x86 = Release|x86
	EndGlobalSection
	GlobalSection(ProjectConfigurationPlatforms) = postSolution
		{C42ADCEF-53D2-45E5-9B47-342E36BB2011}.Debug|Any CPU.ActiveCfg = Debug|Any CPU
		{C42ADCEF-53D2-45E5-9B47-342E36BB2011}.Debug|Any CPU.Build.0 = Debug|Any CPU
		{C42ADCEF-53D2-45E5-9B47-342E36BB2011}.Debug|ARM.ActiveCfg = Debug|Any CPU
		{C42ADCEF-53D2-45E5-9B47-342E36BB2011}.Debug|ARM.Build.0 = Debug|Any CPU
		{C42ADCEF-53D2-45E5-9B47-342E36BB2011}.Debug|ARM64.ActiveCfg = Debug|Any CPU
		{C42ADCEF-53D2-45E5-9B47-342E36BB2011}.Debug|ARM64.Build.0 = Debug|Any CPU
		{C42ADCEF-53D2-45E5-9B47-342E36BB2011}.Debug|x64.ActiveCfg = Debug|Any CPU
		{C42ADCEF-53D2-45E5-9B47-342E36BB2011}.Debug|x64.Build.0 = Debug|Any CPU
		{C42ADCEF-53D2-45E5-9B47-342E36BB2011}.Debug|x86.ActiveCfg = Debug|Any CPU
		{C42ADCEF-53D2-45E5-9B47-342E36BB2011}.Debug|x86.Build.0 = Debug|Any CPU
		{C42ADCEF-53D2-45E5-9B47-342E36BB2011}.Release|Any CPU.ActiveCfg = Release|Any CPU
		{C42ADCEF-53D2-45E5-9B47-342E36BB2011}.Release|Any CPU.Build.0 = Release|Any CPU
		{C42ADCEF-53D2-45E5-9B47-342E36BB2011}.Release|ARM.ActiveCfg = Release|Any CPU
		{C42ADCEF-53D2-45E5-9B47-342E36BB2011}.Release|ARM.Build.0 = Release|Any CPU
		{C42ADCEF-53D2-45E5-9B47-342E36BB2011}.Release|ARM64.ActiveCfg = Release|Any CPU
		{C42ADCEF-53D2-45E5-9B47-342E36BB2011}.Release|ARM64.Build.0 = Release|Any CPU
		{C42ADCEF-53D2-45E5-9B47-342E36BB2011}.Release|x64.ActiveCfg = Release|Any CPU
		{C42ADCEF-53D2-45E5-9B47-342E36BB2011}.Release|x64.Build.0 = Release|Any CPU
		{C42ADCEF-53D2-45E5-9B47-342E36BB2011}.Release|x86.ActiveCfg = Release|Any CPU
		{C42ADCEF-53D2-45E5-9B47-342E36BB2011}.Release|x86.Build.0 = Release|Any CPU
		{B7910DBF-9810-4252-BA25-EFD6689F3BB0}.Debug|Any CPU.ActiveCfg = Debug|Any CPU
		{B7910DBF-9810-4252-BA25-EFD6689F3BB0}.Debug|Any CPU.Build.0 = Debug|Any CPU
		{B7910DBF-9810-4252-BA25-EFD6689F3BB0}.Debug|ARM.ActiveCfg = Debug|Any CPU
		{B7910DBF-9810-4252-BA25-EFD6689F3BB0}.Debug|ARM.Build.0 = Debug|Any CPU
		{B7910DBF-9810-4252-BA25-EFD6689F3BB0}.Debug|ARM64.ActiveCfg = Debug|Any CPU
		{B7910DBF-9810-4252-BA25-EFD6689F3BB0}.Debug|ARM64.Build.0 = Debug|Any CPU
		{B7910DBF-9810-4252-BA25-EFD6689F3BB0}.Debug|x64.ActiveCfg = Debug|Any CPU
		{B7910DBF-9810-4252-BA25-EFD6689F3BB0}.Debug|x64.Build.0 = Debug|Any CPU
		{B7910DBF-9810-4252-BA25-EFD6689F3BB0}.Debug|x86.ActiveCfg = Debug|Any CPU
		{B7910DBF-9810-4252-BA25-EFD6689F3BB0}.Debug|x86.Build.0 = Debug|Any CPU
		{B7910DBF-9810-4252-BA25-EFD6689F3BB0}.Release|Any CPU.ActiveCfg = Release|Any CPU
		{B7910DBF-9810-4252-BA25-EFD6689F3BB0}.Release|Any CPU.Build.0 = Release|Any CPU
		{B7910DBF-9810-4252-BA25-EFD6689F3BB0}.Release|ARM.ActiveCfg = Release|Any CPU
		{B7910DBF-9810-4252-BA25-EFD6689F3BB0}.Release|ARM.Build.0 = Release|Any CPU
		{B7910DBF-9810-4252-BA25-EFD6689F3BB0}.Release|ARM64.ActiveCfg = Release|Any CPU
		{B7910DBF-9810-4252-BA25-EFD6689F3BB0}.Release|ARM64.Build.0 = Release|Any CPU
		{B7910DBF-9810-4252-BA25-EFD6689F3BB0}.Release|x64.ActiveCfg = Release|Any CPU
		{B7910DBF-9810-4252-BA25-EFD6689F3BB0}.Release|x64.Build.0 = Release|Any CPU
		{B7910DBF-9810-4252-BA25-EFD6689F3BB0}.Release|x86.ActiveCfg = Release|Any CPU
		{B7910DBF-9810-4252-BA25-EFD6689F3BB0}.Release|x86.Build.0 = Release|Any CPU
	EndGlobalSection
	GlobalSection(SolutionProperties) = preSolution
		HideSolutionNode = FALSE
	EndGlobalSection
	GlobalSection(ExtensibilityGlobals) = postSolution
		SolutionGuid = {CA43215C-1F3C-48EC-8A2D-D7A57DDA004E}
	EndGlobalSection
EndGlobal
